
Microsoft Visual Studio Solution File, Format Version 12.00
# Visual Studio Version 16
VisualStudioVersion = 16.0.31911.196
MinimumVisualStudioVersion = 10.0.40219.1
Project("{FAE04EC0-301F-11D3-BF4B-00C04F79EFBC}") = "GeneralStore.MVC", "GeneralStore.MVC\GeneralStore.MVC.csproj", "{4F5A51C3-2ABF-4EE7-94D2-61E2A592142B}"
EndProject
Global
	GlobalSection(SolutionConfigurationPlatforms) = preSolution
		Debug|Any CPU = Debug|Any CPU
		Release|Any CPU = Release|Any CPU
	EndGlobalSection
	GlobalSection(ProjectConfigurationPlatforms) = postSolution
		{4F5A51C3-2ABF-4EE7-94D2-61E2A592142B}.Debug|Any CPU.ActiveCfg = Debug|Any CPU
		{4F5A51C3-2ABF-4EE7-94D2-61E2A592142B}.Debug|Any CPU.Build.0 = Debug|Any CPU
		{4F5A51C3-2ABF-4EE7-94D2-61E2A592142B}.Release|Any CPU.ActiveCfg = Release|Any CPU
		{4F5A51C3-2ABF-4EE7-94D2-61E2A592142B}.Release|Any CPU.Build.0 = Release|Any CPU
	EndGlobalSection
	GlobalSection(SolutionProperties) = preSolution
		HideSolutionNode = FALSE
	EndGlobalSection
	GlobalSection(ExtensibilityGlobals) = postSolution
		SolutionGuid = {8B255227-25D0-43E1-8CC3-81BE8021199F}
	EndGlobalSection
EndGlobal
